
Microsoft Visual Studio Solution File, Format Version 12.00
# Visual Studio Version 16
VisualStudioVersion = 16.0.28407.52
MinimumVisualStudioVersion = 10.0.40219.1
Project("{9A19103F-16F7-4668-BE54-9A1E7A4F7556}") = "EasyMvvm", "EasyMvvm\EasyMvvm.csproj", "{DAFA1C0B-E525-4534-8157-D4360ADD938C}"
EndProject
Project("{C7167F0D-BC9F-4E6E-AFE1-012C56B48DB5}") = "App", "App\App.wapproj", "{B8B67AB6-CAEF-4618-B662-54E1894F4E5B}"
EndProject
Project("{9A19103F-16F7-4668-BE54-9A1E7A4F7556}") = "EasyMvvm.Test", "EasyMvvm.Test\EasyMvvm.Test.csproj", "{CFE78D7B-A5AC-4C96-A102-6AEEB73D02FC}"
EndProject
Project("{9A19103F-16F7-4668-BE54-9A1E7A4F7556}") = "LiveWallpaper.Server", "LiveWallpaper.Server\LiveWallpaper.Server.csproj", "{52CB7228-2753-406D-9D3C-8CF57EB9F7C4}"
EndProject
Project("{2150E333-8FDC-42A3-9474-1A3956D46DE8}") = "EasyMvvm", "EasyMvvm", "{2FD617A3-0639-4B65-9204-B5DD30574F3F}"
EndProject
Project("{9A19103F-16F7-4668-BE54-9A1E7A4F7556}") = "Mvvm.Base", "Mvvm.Base\Mvvm.Base.csproj", "{7C0BB0D3-0828-464C-96B8-653D196B72DF}"
EndProject
Project("{FAE04EC0-301F-11D3-BF4B-00C04F79EFBC}") = "LiveWallpaper.Store", "LiveWallpaper.Store\LiveWallpaper.Store.csproj", "{D45B37BB-45A0-4B1C-94AC-34757E2EFF1B}"
EndProject
Global
	GlobalSection(SolutionConfigurationPlatforms) = preSolution
		Debug|Any CPU = Debug|Any CPU
		Debug|x64 = Debug|x64
		Debug|x86 = Debug|x86
		Release|Any CPU = Release|Any CPU
		Release|x64 = Release|x64
		Release|x86 = Release|x86
	EndGlobalSection
	GlobalSection(ProjectConfigurationPlatforms) = postSolution
		{DAFA1C0B-E525-4534-8157-D4360ADD938C}.Debug|Any CPU.ActiveCfg = Debug|Any CPU
		{DAFA1C0B-E525-4534-8157-D4360ADD938C}.Debug|Any CPU.Build.0 = Debug|Any CPU
		{DAFA1C0B-E525-4534-8157-D4360ADD938C}.Debug|x64.ActiveCfg = Debug|Any CPU
		{DAFA1C0B-E525-4534-8157-D4360ADD938C}.Debug|x64.Build.0 = Debug|Any CPU
		{DAFA1C0B-E525-4534-8157-D4360ADD938C}.Debug|x86.ActiveCfg = Debug|Any CPU
		{DAFA1C0B-E525-4534-8157-D4360ADD938C}.Debug|x86.Build.0 = Debug|Any CPU
		{DAFA1C0B-E525-4534-8157-D4360ADD938C}.Release|Any CPU.ActiveCfg = Release|Any CPU
		{DAFA1C0B-E525-4534-8157-D4360ADD938C}.Release|Any CPU.Build.0 = Release|Any CPU
		{DAFA1C0B-E525-4534-8157-D4360ADD938C}.Release|x64.ActiveCfg = Release|Any CPU
		{DAFA1C0B-E525-4534-8157-D4360ADD938C}.Release|x64.Build.0 = Release|Any CPU
		{DAFA1C0B-E525-4534-8157-D4360ADD938C}.Release|x86.ActiveCfg = Release|Any CPU
		{DAFA1C0B-E525-4534-8157-D4360ADD938C}.Release|x86.Build.0 = Release|Any CPU
		{B8B67AB6-CAEF-4618-B662-54E1894F4E5B}.Debug|Any CPU.ActiveCfg = Debug|Any CPU
		{B8B67AB6-CAEF-4618-B662-54E1894F4E5B}.Debug|Any CPU.Build.0 = Debug|Any CPU
		{B8B67AB6-CAEF-4618-B662-54E1894F4E5B}.Debug|Any CPU.Deploy.0 = Debug|Any CPU
		{B8B67AB6-CAEF-4618-B662-54E1894F4E5B}.Debug|x64.ActiveCfg = Debug|x64
		{B8B67AB6-CAEF-4618-B662-54E1894F4E5B}.Debug|x64.Build.0 = Debug|x64
		{B8B67AB6-CAEF-4618-B662-54E1894F4E5B}.Debug|x64.Deploy.0 = Debug|x64
		{B8B67AB6-CAEF-4618-B662-54E1894F4E5B}.Debug|x86.ActiveCfg = Debug|x86
		{B8B67AB6-CAEF-4618-B662-54E1894F4E5B}.Debug|x86.Build.0 = Debug|x86
		{B8B67AB6-CAEF-4618-B662-54E1894F4E5B}.Debug|x86.Deploy.0 = Debug|x86
		{B8B67AB6-CAEF-4618-B662-54E1894F4E5B}.Release|Any CPU.ActiveCfg = Release|Any CPU
		{B8B67AB6-CAEF-4618-B662-54E1894F4E5B}.Release|Any CPU.Build.0 = Release|Any CPU
		{B8B67AB6-CAEF-4618-B662-54E1894F4E5B}.Release|Any CPU.Deploy.0 = Release|Any CPU
		{B8B67AB6-CAEF-4618-B662-54E1894F4E5B}.Release|x64.ActiveCfg = Release|x64
		{B8B67AB6-CAEF-4618-B662-54E1894F4E5B}.Release|x64.Build.0 = Release|x64
		{B8B67AB6-CAEF-4618-B662-54E1894F4E5B}.Release|x64.Deploy.0 = Release|x64
		{B8B67AB6-CAEF-4618-B662-54E1894F4E5B}.Release|x86.ActiveCfg = Release|x86
		{B8B67AB6-CAEF-4618-B662-54E1894F4E5B}.Release|x86.Build.0 = Release|x86
		{B8B67AB6-CAEF-4618-B662-54E1894F4E5B}.Release|x86.Deploy.0 = Release|x86
		{CFE78D7B-A5AC-4C96-A102-6AEEB73D02FC}.Debug|Any CPU.ActiveCfg = Debug|Any CPU
		{CFE78D7B-A5AC-4C96-A102-6AEEB73D02FC}.Debug|Any CPU.Build.0 = Debug|Any CPU
		{CFE78D7B-A5AC-4C96-A102-6AEEB73D02FC}.Debug|x64.ActiveCfg = Debug|Any CPU
		{CFE78D7B-A5AC-4C96-A102-6AEEB73D02FC}.Debug|x64.Build.0 = Debug|Any CPU
		{CFE78D7B-A5AC-4C96-A102-6AEEB73D02FC}.Debug|x86.ActiveCfg = Debug|Any CPU
		{CFE78D7B-A5AC-4C96-A102-6AEEB73D02FC}.Debug|x86.Build.0 = Debug|Any CPU
		{CFE78D7B-A5AC-4C96-A102-6AEEB73D02FC}.Release|Any CPU.ActiveCfg = Release|Any CPU
		{CFE78D7B-A5AC-4C96-A102-6AEEB73D02FC}.Release|Any CPU.Build.0 = Release|Any CPU
		{CFE78D7B-A5AC-4C96-A102-6AEEB73D02FC}.Release|x64.ActiveCfg = Release|Any CPU
		{CFE78D7B-A5AC-4C96-A102-6AEEB73D02FC}.Release|x64.Build.0 = Release|Any CPU
		{CFE78D7B-A5AC-4C96-A102-6AEEB73D02FC}.Release|x86.ActiveCfg = Release|Any CPU
		{CFE78D7B-A5AC-4C96-A102-6AEEB73D02FC}.Release|x86.Build.0 = Release|Any CPU
		{52CB7228-2753-406D-9D3C-8CF57EB9F7C4}.Debug|Any CPU.ActiveCfg = Debug|Any CPU
		{52CB7228-2753-406D-9D3C-8CF57EB9F7C4}.Debug|Any CPU.Build.0 = Debug|Any CPU
		{52CB7228-2753-406D-9D3C-8CF57EB9F7C4}.Debug|x64.ActiveCfg = Debug|Any CPU
		{52CB7228-2753-406D-9D3C-8CF57EB9F7C4}.Debug|x64.Build.0 = Debug|Any CPU
		{52CB7228-2753-406D-9D3C-8CF57EB9F7C4}.Debug|x86.ActiveCfg = Debug|Any CPU
		{52CB7228-2753-406D-9D3C-8CF57EB9F7C4}.Debug|x86.Build.0 = Debug|Any CPU
		{52CB7228-2753-406D-9D3C-8CF57EB9F7C4}.Release|Any CPU.ActiveCfg = Release|Any CPU
		{52CB7228-2753-406D-9D3C-8CF57EB9F7C4}.Release|Any CPU.Build.0 = Release|Any CPU
		{52CB7228-2753-406D-9D3C-8CF57EB9F7C4}.Release|x64.ActiveCfg = Release|Any CPU
		{52CB7228-2753-406D-9D3C-8CF57EB9F7C4}.Release|x64.Build.0 = Release|Any CPU
		{52CB7228-2753-406D-9D3C-8CF57EB9F7C4}.Release|x86.ActiveCfg = Release|Any CPU
		{52CB7228-2753-406D-9D3C-8CF57EB9F7C4}.Release|x86.Build.0 = Release|Any CPU
		{7C0BB0D3-0828-464C-96B8-653D196B72DF}.Debug|Any CPU.ActiveCfg = Debug|Any CPU
		{7C0BB0D3-0828-464C-96B8-653D196B72DF}.Debug|Any CPU.Build.0 = Debug|Any CPU
		{7C0BB0D3-0828-464C-96B8-653D196B72DF}.Debug|x64.ActiveCfg = Debug|Any CPU
		{7C0BB0D3-0828-464C-96B8-653D196B72DF}.Debug|x64.Build.0 = Debug|Any CPU
		{7C0BB0D3-0828-464C-96B8-653D196B72DF}.Debug|x86.ActiveCfg = Debug|Any CPU
		{7C0BB0D3-0828-464C-96B8-653D196B72DF}.Debug|x86.Build.0 = Debug|Any CPU
		{7C0BB0D3-0828-464C-96B8-653D196B72DF}.Release|Any CPU.ActiveCfg = Release|Any CPU
		{7C0BB0D3-0828-464C-96B8-653D196B72DF}.Release|Any CPU.Build.0 = Release|Any CPU
		{7C0BB0D3-0828-464C-96B8-653D196B72DF}.Release|x64.ActiveCfg = Release|Any CPU
		{7C0BB0D3-0828-464C-96B8-653D196B72DF}.Release|x64.Build.0 = Release|Any CPU
		{7C0BB0D3-0828-464C-96B8-653D196B72DF}.Release|x86.ActiveCfg = Release|Any CPU
		{7C0BB0D3-0828-464C-96B8-653D196B72DF}.Release|x86.Build.0 = Release|Any CPU
		{D45B37BB-45A0-4B1C-94AC-34757E2EFF1B}.Debug|Any CPU.ActiveCfg = Debug|Any CPU
		{D45B37BB-45A0-4B1C-94AC-34757E2EFF1B}.Debug|Any CPU.Build.0 = Debug|Any CPU
		{D45B37BB-45A0-4B1C-94AC-34757E2EFF1B}.Debug|x64.ActiveCfg = Debug|Any CPU
		{D45B37BB-45A0-4B1C-94AC-34757E2EFF1B}.Debug|x64.Build.0 = Debug|Any CPU
		{D45B37BB-45A0-4B1C-94AC-34757E2EFF1B}.Debug|x86.ActiveCfg = Debug|Any CPU
		{D45B37BB-45A0-4B1C-94AC-34757E2EFF1B}.Debug|x86.Build.0 = Debug|Any CPU
		{D45B37BB-45A0-4B1C-94AC-34757E2EFF1B}.Release|Any CPU.ActiveCfg = Release|Any CPU
		{D45B37BB-45A0-4B1C-94AC-34757E2EFF1B}.Release|Any CPU.Build.0 = Release|Any CPU
		{D45B37BB-45A0-4B1C-94AC-34757E2EFF1B}.Release|x64.ActiveCfg = Release|Any CPU
		{D45B37BB-45A0-4B1C-94AC-34757E2EFF1B}.Release|x64.Build.0 = Release|Any CPU
		{D45B37BB-45A0-4B1C-94AC-34757E2EFF1B}.Release|x86.ActiveCfg = Release|Any CPU
		{D45B37BB-45A0-4B1C-94AC-34757E2EFF1B}.Release|x86.Build.0 = Release|Any CPU
	EndGlobalSection
	GlobalSection(SolutionProperties) = preSolution
		HideSolutionNode = FALSE
	EndGlobalSection
	GlobalSection(NestedProjects) = preSolution
		{DAFA1C0B-E525-4534-8157-D4360ADD938C} = {2FD617A3-0639-4B65-9204-B5DD30574F3F}
		{CFE78D7B-A5AC-4C96-A102-6AEEB73D02FC} = {2FD617A3-0639-4B65-9204-B5DD30574F3F}
		{7C0BB0D3-0828-464C-96B8-653D196B72DF} = {2FD617A3-0639-4B65-9204-B5DD30574F3F}
	EndGlobalSection
	GlobalSection(ExtensibilityGlobals) = postSolution
		SolutionGuid = {745EA795-45A0-4349-8F59-1D2C969B9727}
	EndGlobalSection
EndGlobal
